
Microsoft Visual Studio Solution File, Format Version 12.00
# Visual Studio Version 17
VisualStudioVersion = 17.7.34031.279
MinimumVisualStudioVersion = 10.0.40219.1
Project("{FAE04EC0-301F-11D3-BF4B-00C04F79EFBC}") = "CourseWorkDB", "CourseWorkDB\CourseWorkDB.csproj", "{CAD6D993-8BDE-40CF-8927-0A0CA629891A}"
EndProject
Global
	GlobalSection(SolutionConfigurationPlatforms) = preSolution
		Debug|Any CPU = Debug|Any CPU
		Release|Any CPU = Release|Any CPU
	EndGlobalSection
	GlobalSection(ProjectConfigurationPlatforms) = postSolution
		{CAD6D993-8BDE-40CF-8927-0A0CA629891A}.Debug|Any CPU.ActiveCfg = Debug|Any CPU
		{CAD6D993-8BDE-40CF-8927-0A0CA629891A}.Debug|Any CPU.Build.0 = Debug|Any CPU
		{CAD6D993-8BDE-40CF-8927-0A0CA629891A}.Release|Any CPU.ActiveCfg = Release|Any CPU
		{CAD6D993-8BDE-40CF-8927-0A0CA629891A}.Release|Any CPU.Build.0 = Release|Any CPU
	EndGlobalSection
	GlobalSection(SolutionProperties) = preSolution
		HideSolutionNode = FALSE
	EndGlobalSection
	GlobalSection(ExtensibilityGlobals) = postSolution
		SolutionGuid = {6A068282-5443-4E2E-B04D-34E1E64133A3}
	EndGlobalSection
EndGlobal
